// !$*UTF8*$!
{
	archiveVersion = 1;
	classes = {
	};
	objectVersion = 46;
	objects = {

/* Begin PBXBuildFile section */
		B1678FB0159B37AE003E653F /* LPWebQuery.m in Sources */ = {isa = PBXBuildFile; fileRef = B1678FAF159B37AE003E653F /* LPWebQuery.m */; settings = {COMPILER_FLAGS = "-fno-objc-arc"; }; };
		B1678FB1159B37AE003E653F /* LPWebQuery.m in Sources */ = {isa = PBXBuildFile; fileRef = B1678FAF159B37AE003E653F /* LPWebQuery.m */; settings = {COMPILER_FLAGS = "-fno-objc-arc"; }; };
/* End PBXBuildFile section */

/* Begin PBXContainerItemProxy section */
		B1678F99159B374C003E653F /* PBXContainerItemProxy */ = {
			isa = PBXContainerItemProxy;
			containerPortal = B1678F6A159B374C003E653F /* Project object */;
			proxyType = 1;
			remoteGlobalIDString = B1678F72159B374C003E653F;
			remoteInfo = CalabashJS;
		};
/* End PBXContainerItemProxy section */

/* Begin PBXFileReference section */
		B1678F73159B374C003E653F /* CalabashJS.app */ = {isa = PBXFileReference; explicitFileType = wrapper.application; includeInIndex = 0; name = CalabashJS.app; path = "/Users/krukow/github/calabash-ios-server/calabash-js/CalabashJS/build/Release-iphoneos/CalabashJS.app"; sourceTree = "<absolute>"; };
		B1678F94159B374C003E653F /* CalabashJSTests.octest */ = {isa = PBXFileReference; explicitFileType = wrapper.cfbundle; includeInIndex = 0; name = CalabashJSTests.octest; path = "/Users/krukow/github/calabash-ios-server/calabash-js/CalabashJS/build/Release-iphoneos/CalabashJSTests.octest"; sourceTree = "<absolute>"; };
		B1678FAE159B37AE003E653F /* LPWebQuery.h */ = {isa = PBXFileReference; fileEncoding = 4; lastKnownFileType = sourcecode.c.h; path = LPWebQuery.h; sourceTree = "<group>"; };
		B1678FAF159B37AE003E653F /* LPWebQuery.m */ = {isa = PBXFileReference; fileEncoding = 4; lastKnownFileType = sourcecode.c.objc; path = LPWebQuery.m; sourceTree = "<group>"; };
/* End PBXFileReference section */

/* Begin PBXFrameworksBuildPhase section */
		B1678F70159B374C003E653F /* Frameworks */ = {
			isa = PBXFrameworksBuildPhase;
			buildActionMask = 2147483647;
			files = (
			);
			runOnlyForDeploymentPostprocessing = 0;
		};
		B1678F90159B374C003E653F /* Frameworks */ = {
			isa = PBXFrameworksBuildPhase;
			buildActionMask = 2147483647;
			files = (
			);
			runOnlyForDeploymentPostprocessing = 0;
		};
/* End PBXFrameworksBuildPhase section */

/* Begin PBXGroup section */
		B1678F68159B374C003E653F = {
			isa = PBXGroup;
			children = (
				B1678FAD159B3781003E653F /* CalabashJSLib */,
			);
			sourceTree = "<group>";
		};
		B1678FAD159B3781003E653F /* CalabashJSLib */ = {
			isa = PBXGroup;
			children = (
				B1678FAE159B37AE003E653F /* LPWebQuery.h */,
				B1678FAF159B37AE003E653F /* LPWebQuery.m */,
			);
			path = CalabashJSLib;
			sourceTree = "<group>";
		};
/* End PBXGroup section */

/* Begin PBXNativeTarget section */
		B1678F72159B374C003E653F /* CalabashJS */ = {
			isa = PBXNativeTarget;
			buildConfigurationList = B1678FA6159B374C003E653F /* Build configuration list for PBXNativeTarget "CalabashJS" */;
			buildPhases = (
				B1678F6F159B374C003E653F /* Sources */,
				B1678F70159B374C003E653F /* Frameworks */,
				B1678F71159B374C003E653F /* Resources */,
			);
			buildRules = (
			);
			dependencies = (
			);
			name = CalabashJS;
			productName = CalabashJS;
			productReference = B1678F73159B374C003E653F /* CalabashJS.app */;
			productType = "com.apple.product-type.application";
		};
		B1678F93159B374C003E653F /* CalabashJSTests */ = {
			isa = PBXNativeTarget;
			buildConfigurationList = B1678FA9159B374C003E653F /* Build configuration list for PBXNativeTarget "CalabashJSTests" */;
			buildPhases = (
				B1678F8F159B374C003E653F /* Sources */,
				B1678F90159B374C003E653F /* Frameworks */,
				B1678F91159B374C003E653F /* Resources */,
				B1678F92159B374C003E653F /* ShellScript */,
			);
			buildRules = (
			);
			dependencies = (
				B1678F9A159B374C003E653F /* PBXTargetDependency */,
			);
			name = CalabashJSTests;
			productName = CalabashJSTests;
			productReference = B1678F94159B374C003E653F /* CalabashJSTests.octest */;
			productType = "com.apple.product-type.bundle";
		};
/* End PBXNativeTarget section */

/* Begin PBXProject section */
		B1678F6A159B374C003E653F /* Project object */ = {
			isa = PBXProject;
			attributes = {
				CLASSPREFIX = LP;
				LastUpgradeCheck = 0430;
				ORGANIZATIONNAME = Trifork;
			};
			buildConfigurationList = B1678F6D159B374C003E653F /* Build configuration list for PBXProject "CalabashJS" */;
			compatibilityVersion = "Xcode 3.2";
			developmentRegion = English;
			hasScannedForEncodings = 0;
			knownRegions = (
				en,
			);
			mainGroup = B1678F68159B374C003E653F;
			productRefGroup = B1678F68159B374C003E653F;
			projectDirPath = "";
			projectRoot = "";
			targets = (
				B1678F72159B374C003E653F /* CalabashJS */,
				B1678F93159B374C003E653F /* CalabashJSTests */,
			);
		};
/* End PBXProject section */

/* Begin PBXResourcesBuildPhase section */
		B1678F71159B374C003E653F /* Resources */ = {
			isa = PBXResourcesBuildPhase;
			buildActionMask = 2147483647;
			files = (
			);
			runOnlyForDeploymentPostprocessing = 0;
		};
		B1678F91159B374C003E653F /* Resources */ = {
			isa = PBXResourcesBuildPhase;
			buildActionMask = 2147483647;
			files = (
			);
			runOnlyForDeploymentPostprocessing = 0;
		};
/* End PBXResourcesBuildPhase section */

/* Begin PBXShellScriptBuildPhase section */
		B1678F92159B374C003E653F /* ShellScript */ = {
			isa = PBXShellScriptBuildPhase;
			buildActionMask = 2147483647;
			files = (
			);
			inputPaths = (
			);
			outputPaths = (
			);
			runOnlyForDeploymentPostprocessing = 0;
			shellPath = /bin/sh;
			shellScript = "# Run the unit tests in this test bundle.\n\"${SYSTEM_DEVELOPER_DIR}/Tools/RunUnitTests\"\n";
		};
/* End PBXShellScriptBuildPhase section */

/* Begin PBXSourcesBuildPhase section */
		B1678F6F159B374C003E653F /* Sources */ = {
			isa = PBXSourcesBuildPhase;
			buildActionMask = 2147483647;
			files = (
				B1678FB0159B37AE003E653F /* LPWebQuery.m in Sources */,
			);
			runOnlyForDeploymentPostprocessing = 0;
		};
		B1678F8F159B374C003E653F /* Sources */ = {
			isa = PBXSourcesBuildPhase;
			buildActionMask = 2147483647;
			files = (
				B1678FB1159B37AE003E653F /* LPWebQuery.m in Sources */,
			);
			runOnlyForDeploymentPostprocessing = 0;
		};
/* End PBXSourcesBuildPhase section */

/* Begin PBXTargetDependency section */
		B1678F9A159B374C003E653F /* PBXTargetDependency */ = {
			isa = PBXTargetDependency;
			target = B1678F72159B374C003E653F /* CalabashJS */;
			targetProxy = B1678F99159B374C003E653F /* PBXContainerItemProxy */;
		};
/* End PBXTargetDependency section */

/* Begin XCBuildConfiguration section */
		B1678FA4159B374C003E653F /* Debug */ = {
			isa = XCBuildConfiguration;
			buildSettings = {
				ALWAYS_SEARCH_USER_PATHS = NO;
				ARCHS = "$(ARCHS_STANDARD_32_BIT)";
				CLANG_ENABLE_OBJC_ARC = YES;
				"CODE_SIGN_IDENTITY[sdk=iphoneos*]" = "iPhone Developer";
				COPY_PHASE_STRIP = NO;
				GCC_C_LANGUAGE_STANDARD = gnu99;
				GCC_DYNAMIC_NO_PIC = NO;
				GCC_OPTIMIZATION_LEVEL = 0;
				GCC_PREPROCESSOR_DEFINITIONS = (
					"DEBUG=1",
					"$(inherited)",
				);
				GCC_SYMBOLS_PRIVATE_EXTERN = NO;
				GCC_VERSION = com.apple.compilers.llvm.clang.1_0;
				GCC_WARN_ABOUT_RETURN_TYPE = YES;
				GCC_WARN_UNINITIALIZED_AUTOS = YES;
				GCC_WARN_UNUSED_VARIABLE = YES;
				IPHONEOS_DEPLOYMENT_TARGET = 5.1;
				SDKROOT = iphoneos;
			};
			name = Debug;
		};
		B1678FA5159B374C003E653F /* Release */ = {
			isa = XCBuildConfiguration;
			buildSettings = {
				ALWAYS_SEARCH_USER_PATHS = NO;
				ARCHS = "$(ARCHS_STANDARD_32_BIT)";
				CLANG_ENABLE_OBJC_ARC = YES;
				"CODE_SIGN_IDENTITY[sdk=iphoneos*]" = "iPhone Developer";
				COPY_PHASE_STRIP = YES;
				GCC_C_LANGUAGE_STANDARD = gnu99;
				GCC_VERSION = com.apple.compilers.llvm.clang.1_0;
				GCC_WARN_ABOUT_RETURN_TYPE = YES;
				GCC_WARN_UNINITIALIZED_AUTOS = YES;
				GCC_WARN_UNUSED_VARIABLE = YES;
				IPHONEOS_DEPLOYMENT_TARGET = 5.1;
				OTHER_CFLAGS = "-DNS_BLOCK_ASSERTIONS=1";
				SDKROOT = iphoneos;
				VALIDATE_PRODUCT = YES;
			};
			name = Release;
		};
		B1678FA7159B374C003E653F /* Debug */ = {
			isa = XCBuildConfiguration;
			buildSettings = {
				GCC_PRECOMPILE_PREFIX_HEADER = YES;
				GCC_PREFIX_HEADER = "CalabashJS/CalabashJS-Prefix.pch";
				INFOPLIST_FILE = "CalabashJS/CalabashJS-Info.plist";
				PRODUCT_NAME = "$(TARGET_NAME)";
				WRAPPER_EXTENSION = app;
			};
			name = Debug;
		};
		B1678FA8159B374C003E653F /* Release */ = {
			isa = XCBuildConfiguration;
			buildSettings = {
				GCC_PRECOMPILE_PREFIX_HEADER = YES;
				GCC_PREFIX_HEADER = "CalabashJS/CalabashJS-Prefix.pch";
				INFOPLIST_FILE = "CalabashJS/CalabashJS-Info.plist";
				PRODUCT_NAME = "$(TARGET_NAME)";
				WRAPPER_EXTENSION = app;
			};
			name = Release;
		};
		B1678FAA159B374C003E653F /* Debug */ = {
			isa = XCBuildConfiguration;
			buildSettings = {
				BUNDLE_LOADER = "$(BUILT_PRODUCTS_DIR)/CalabashJS.app/CalabashJS";
				FRAMEWORK_SEARCH_PATHS = (
					"$(SDKROOT)/Developer/Library/Frameworks",
					"$(DEVELOPER_LIBRARY_DIR)/Frameworks",
				);
				GCC_PRECOMPILE_PREFIX_HEADER = YES;
				GCC_PREFIX_HEADER = "CalabashJS/CalabashJS-Prefix.pch";
				INFOPLIST_FILE = "CalabashJSTests/CalabashJSTests-Info.plist";
				PRODUCT_NAME = "$(TARGET_NAME)";
				TEST_HOST = "$(BUNDLE_LOADER)";
				WRAPPER_EXTENSION = octest;
			};
			name = Debug;
		};
		B1678FAB159B374C003E653F /* Release */ = {
			isa = XCBuildConfiguration;
			buildSettings = {
				BUNDLE_LOADER = "$(BUILT_PRODUCTS_DIR)/CalabashJS.app/CalabashJS";
				FRAMEWORK_SEARCH_PATHS = (
					"$(SDKROOT)/Developer/Library/Frameworks",
					"$(DEVELOPER_LIBRARY_DIR)/Frameworks",
				);
				GCC_PRECOMPILE_PREFIX_HEADER = YES;
				GCC_PREFIX_HEADER = "CalabashJS/CalabashJS-Prefix.pch";
				INFOPLIST_FILE = "CalabashJSTests/CalabashJSTests-Info.plist";
				PRODUCT_NAME = "$(TARGET_NAME)";
				TEST_HOST = "$(BUNDLE_LOADER)";
				WRAPPER_EXTENSION = octest;
			};
			name = Release;
		};
/* End XCBuildConfiguration section */

/* Begin XCConfigurationList section */
		B1678F6D159B374C003E653F /* Build configuration list for PBXProject "CalabashJS" */ = {
			isa = XCConfigurationList;
			buildConfigurations = (
				B1678FA4159B374C003E653F /* Debug */,
				B1678FA5159B374C003E653F /* Release */,
			);
			defaultConfigurationIsVisible = 0;
			defaultConfigurationName = Release;
		};
		B1678FA6159B374C003E653F /* Build configuration list for PBXNativeTarget "CalabashJS" */ = {
			isa = XCConfigurationList;
			buildConfigurations = (
				B1678FA7159B374C003E653F /* Debug */,
				B1678FA8159B374C003E653F /* Release */,
			);
			defaultConfigurationIsVisible = 0;
			defaultConfigurationName = Release;
		};
		B1678FA9159B374C003E653F /* Build configuration list for PBXNativeTarget "CalabashJSTests" */ = {
			isa = XCConfigurationList;
			buildConfigurations = (
				B1678FAA159B374C003E653F /* Debug */,
				B1678FAB159B374C003E653F /* Release */,
			);
			defaultConfigurationIsVisible = 0;
			defaultConfigurationName = Release;
		};
/* End XCConfigurationList section */
	};
	rootObject = B1678F6A159B374C003E653F /* Project object */;
}
